// !$*UTF8*$!
{
	archiveVersion = 1;
	classes = {
	};
	objectVersion = 46;
	objects = {

/* Begin PBXBuildFile section */
		0916AA821850258700654E51 /* piano.png in Resources */ = {isa = PBXBuildFile; fileRef = 0916AA811850258700654E51 /* piano.png */; };
		0967DA461834C23D009D494A /* BPLoginNavigationController.m in Sources */ = {isa = PBXBuildFile; fileRef = 0967DA451834C23D009D494A /* BPLoginNavigationController.m */; };
		098909F51841567F004C22C2 /* BPJudge.m in Sources */ = {isa = PBXBuildFile; fileRef = 098909F41841567F004C22C2 /* BPJudge.m */; };
		098909F818415E89004C22C2 /* KeychainItemWrapper.m in Sources */ = {isa = PBXBuildFile; fileRef = 098909F718415E89004C22C2 /* KeychainItemWrapper.m */; };
		09B9863A184C4CB8002B2746 /* AESCrypt.m in Sources */ = {isa = PBXBuildFile; fileRef = 09B98631184C4CB8002B2746 /* AESCrypt.m */; };
		09B9863B184C4CB8002B2746 /* LICENSE in Resources */ = {isa = PBXBuildFile; fileRef = 09B98632184C4CB8002B2746 /* LICENSE */; };
		09B9863C184C4CB8002B2746 /* NSData+Base64.m in Sources */ = {isa = PBXBuildFile; fileRef = 09B98634184C4CB8002B2746 /* NSData+Base64.m */; };
		09B9863D184C4CB8002B2746 /* NSData+CommonCrypto.m in Sources */ = {isa = PBXBuildFile; fileRef = 09B98636184C4CB8002B2746 /* NSData+CommonCrypto.m */; };
		09B9863E184C4CB8002B2746 /* NSString+Base64.m in Sources */ = {isa = PBXBuildFile; fileRef = 09B98638184C4CB8002B2746 /* NSString+Base64.m */; };
		09B9863F184C4CB8002B2746 /* README.md in Resources */ = {isa = PBXBuildFile; fileRef = 09B98639184C4CB8002B2746 /* README.md */; };
		09DFFA25182F1C7500488C2E /* BPLoginViewController.m in Sources */ = {isa = PBXBuildFile; fileRef = 09DFFA24182F1C7500488C2E /* BPLoginViewController.m */; };
		1C32B6511857DBD40047260F /* BPDisplayRankingsTableViewController.m in Sources */ = {isa = PBXBuildFile; fileRef = 1C32B6501857DBD40047260F /* BPDisplayRankingsTableViewController.m */; };
		1CD313DD1853C0C0002F66CF /* BPRanking.m in Sources */ = {isa = PBXBuildFile; fileRef = 1CD313DC1853C0C0002F66CF /* BPRanking.m */; };
		1CE88C301847244700E2F8BC /* BPSplitViewController.m in Sources */ = {isa = PBXBuildFile; fileRef = 1CE88C2F1847244700E2F8BC /* BPSplitViewController.m */; };
		1CE88C39184729E500E2F8BC /* BPCommentViewController.m in Sources */ = {isa = PBXBuildFile; fileRef = 1CE88C38184729E500E2F8BC /* BPCommentViewController.m */; };
		4D047EFC18416D7C006E09F0 /* BPEvent.m in Sources */ = {isa = PBXBuildFile; fileRef = 4D047EFB18416D7C006E09F0 /* BPEvent.m */; };
		4D047EFF18416D9A006E09F0 /* BPTableViewCell.m in Sources */ = {isa = PBXBuildFile; fileRef = 4D047EFE18416D9A006E09F0 /* BPTableViewCell.m */; };
		4D047F0418416DC3006E09F0 /* BPEventsTableViewCell.m in Sources */ = {isa = PBXBuildFile; fileRef = 4D047F0118416DC3006E09F0 /* BPEventsTableViewCell.m */; };
		4D047F0518416DC3006E09F0 /* BPEventViewController.m in Sources */ = {isa = PBXBuildFile; fileRef = 4D047F0318416DC3006E09F0 /* BPEventViewController.m */; };
		4D8AFD81185071C5006B4A95 /* BPDummyViewController.m in Sources */ = {isa = PBXBuildFile; fileRef = 4D8AFD80185071C5006B4A95 /* BPDummyViewController.m */; };
		4D8AFD8818507367006B4A95 /* BPComment.m in Sources */ = {isa = PBXBuildFile; fileRef = 4D8AFD8318507367006B4A95 /* BPComment.m */; };
		4D8AFD8918507367006B4A95 /* BPContestant.m in Sources */ = {isa = PBXBuildFile; fileRef = 4D8AFD8518507367006B4A95 /* BPContestant.m */; };
		4D8AFD8A18507367006B4A95 /* BPUser.m in Sources */ = {isa = PBXBuildFile; fileRef = 4D8AFD8618507367006B4A95 /* BPUser.m */; };
		4D8AFD8D18507417006B4A95 /* BPUserTableViewCell.m in Sources */ = {isa = PBXBuildFile; fileRef = 4D8AFD8C18507417006B4A95 /* BPUserTableViewCell.m */; };
		4DA5DB721857F535001F7FA0 /* QuartzCore.framework in Frameworks */ = {isa = PBXBuildFile; fileRef = 4DA5DB711857F535001F7FA0 /* QuartzCore.framework */; };
		4DA5DB741857F53B001F7FA0 /* CoreImage.framework in Frameworks */ = {isa = PBXBuildFile; fileRef = 4DA5DB731857F53B001F7FA0 /* CoreImage.framework */; };
		4DA5DB771857F5AD001F7FA0 /* custom.nss in Resources */ = {isa = PBXBuildFile; fileRef = 4DA5DB761857F5AD001F7FA0 /* custom.nss */; };
		4DBBD94F182F0F2E00166BC7 /* Foundation.framework in Frameworks */ = {isa = PBXBuildFile; fileRef = 4DBBD94E182F0F2E00166BC7 /* Foundation.framework */; };
		4DBBD951182F0F2E00166BC7 /* CoreGraphics.framework in Frameworks */ = {isa = PBXBuildFile; fileRef = 4DBBD950182F0F2E00166BC7 /* CoreGraphics.framework */; };
		4DBBD953182F0F2E00166BC7 /* UIKit.framework in Frameworks */ = {isa = PBXBuildFile; fileRef = 4DBBD952182F0F2E00166BC7 /* UIKit.framework */; };
		4DBBD959182F0F2E00166BC7 /* InfoPlist.strings in Resources */ = {isa = PBXBuildFile; fileRef = 4DBBD957182F0F2E00166BC7 /* InfoPlist.strings */; };
		4DBBD95B182F0F2E00166BC7 /* main.m in Sources */ = {isa = PBXBuildFile; fileRef = 4DBBD95A182F0F2E00166BC7 /* main.m */; };
		4DBBD95F182F0F2E00166BC7 /* BPAppDelegate.m in Sources */ = {isa = PBXBuildFile; fileRef = 4DBBD95E182F0F2E00166BC7 /* BPAppDelegate.m */; };
		4DBBD967182F0F2E00166BC7 /* Images.xcassets in Resources */ = {isa = PBXBuildFile; fileRef = 4DBBD966182F0F2E00166BC7 /* Images.xcassets */; };
		4DBBD96E182F0F2E00166BC7 /* XCTest.framework in Frameworks */ = {isa = PBXBuildFile; fileRef = 4DBBD96D182F0F2E00166BC7 /* XCTest.framework */; };
		4DBBD96F182F0F2E00166BC7 /* Foundation.framework in Frameworks */ = {isa = PBXBuildFile; fileRef = 4DBBD94E182F0F2E00166BC7 /* Foundation.framework */; };
		4DBBD970182F0F2E00166BC7 /* UIKit.framework in Frameworks */ = {isa = PBXBuildFile; fileRef = 4DBBD952182F0F2E00166BC7 /* UIKit.framework */; };
		4DBBD978182F0F2E00166BC7 /* InfoPlist.strings in Resources */ = {isa = PBXBuildFile; fileRef = 4DBBD976182F0F2E00166BC7 /* InfoPlist.strings */; };
		4DBBD97A182F0F2E00166BC7 /* USOMCTests.m in Sources */ = {isa = PBXBuildFile; fileRef = 4DBBD979182F0F2E00166BC7 /* USOMCTests.m */; };
		4DBBD986182F109100166BC7 /* BPViewController.m in Sources */ = {isa = PBXBuildFile; fileRef = 4DBBD985182F109100166BC7 /* BPViewController.m */; };
		4DBBD98B182F10C900166BC7 /* BPTableViewController.m in Sources */ = {isa = PBXBuildFile; fileRef = 4DBBD98A182F10C900166BC7 /* BPTableViewController.m */; };
		4DBBD98E182F10EE00166BC7 /* BPEventsTableViewController.m in Sources */ = {isa = PBXBuildFile; fileRef = 4DBBD98D182F10EE00166BC7 /* BPEventsTableViewController.m */; };
		4DBBD991182F111C00166BC7 /* BPNavigationController.m in Sources */ = {isa = PBXBuildFile; fileRef = 4DBBD990182F111C00166BC7 /* BPNavigationController.m */; };
		4DBBD994182F115600166BC7 /* BPEventsNavigationController.m in Sources */ = {isa = PBXBuildFile; fileRef = 4DBBD993182F115600166BC7 /* BPEventsNavigationController.m */; };
		BDA267CC2A7E483EB524F953 /* libPods.a in Frameworks */ = {isa = PBXBuildFile; fileRef = 5D36959BA1154A91857AE966 /* libPods.a */; };
/* End PBXBuildFile section */

/* Begin PBXContainerItemProxy section */
		4DBBD971182F0F2E00166BC7 /* PBXContainerItemProxy */ = {
			isa = PBXContainerItemProxy;
			containerPortal = 4DBBD943182F0F2E00166BC7 /* Project object */;
			proxyType = 1;
			remoteGlobalIDString = 4DBBD94A182F0F2E00166BC7;
			remoteInfo = USOMC;
		};
/* End PBXContainerItemProxy section */

/* Begin PBXFileReference section */
		0916AA811850258700654E51 /* piano.png */ = {isa = PBXFileReference; lastKnownFileType = image.png; path = piano.png; sourceTree = "<group>"; };
		0967DA441834C23D009D494A /* BPLoginNavigationController.h */ = {isa = PBXFileReference; fileEncoding = 4; lastKnownFileType = sourcecode.c.h; name = BPLoginNavigationController.h; path = Views/Login/BPLoginNavigationController.h; sourceTree = "<group>"; };
		0967DA451834C23D009D494A /* BPLoginNavigationController.m */ = {isa = PBXFileReference; fileEncoding = 4; lastKnownFileType = sourcecode.c.objc; name = BPLoginNavigationController.m; path = Views/Login/BPLoginNavigationController.m; sourceTree = "<group>"; };
		098909F31841567F004C22C2 /* BPJudge.h */ = {isa = PBXFileReference; fileEncoding = 4; lastKnownFileType = sourcecode.c.h; name = BPJudge.h; path = Models/BPJudge.h; sourceTree = "<group>"; };
		098909F41841567F004C22C2 /* BPJudge.m */ = {isa = PBXFileReference; fileEncoding = 4; lastKnownFileType = sourcecode.c.objc; name = BPJudge.m; path = Models/BPJudge.m; sourceTree = "<group>"; };
		098909F618415E88004C22C2 /* KeychainItemWrapper.h */ = {isa = PBXFileReference; fileEncoding = 4; lastKnownFileType = sourcecode.c.h; path = KeychainItemWrapper.h; sourceTree = "<group>"; };
		098909F718415E89004C22C2 /* KeychainItemWrapper.m */ = {isa = PBXFileReference; fileEncoding = 4; lastKnownFileType = sourcecode.c.objc; path = KeychainItemWrapper.m; sourceTree = "<group>"; };
		09B9862E184C44B0002B2746 /* EnvironmentVariables.h */ = {isa = PBXFileReference; lastKnownFileType = sourcecode.c.h; path = EnvironmentVariables.h; sourceTree = "<group>"; };
		09B98630184C4CB8002B2746 /* AESCrypt.h */ = {isa = PBXFileReference; fileEncoding = 4; lastKnownFileType = sourcecode.c.h; path = AESCrypt.h; sourceTree = "<group>"; };
		09B98631184C4CB8002B2746 /* AESCrypt.m */ = {isa = PBXFileReference; fileEncoding = 4; lastKnownFileType = sourcecode.c.objc; path = AESCrypt.m; sourceTree = "<group>"; };
		09B98632184C4CB8002B2746 /* LICENSE */ = {isa = PBXFileReference; fileEncoding = 4; lastKnownFileType = text; path = LICENSE; sourceTree = "<group>"; };
		09B98633184C4CB8002B2746 /* NSData+Base64.h */ = {isa = PBXFileReference; fileEncoding = 4; lastKnownFileType = sourcecode.c.h; path = "NSData+Base64.h"; sourceTree = "<group>"; };
		09B98634184C4CB8002B2746 /* NSData+Base64.m */ = {isa = PBXFileReference; fileEncoding = 4; lastKnownFileType = sourcecode.c.objc; path = "NSData+Base64.m"; sourceTree = "<group>"; };
		09B98635184C4CB8002B2746 /* NSData+CommonCrypto.h */ = {isa = PBXFileReference; fileEncoding = 4; lastKnownFileType = sourcecode.c.h; path = "NSData+CommonCrypto.h"; sourceTree = "<group>"; };
		09B98636184C4CB8002B2746 /* NSData+CommonCrypto.m */ = {isa = PBXFileReference; fileEncoding = 4; lastKnownFileType = sourcecode.c.objc; path = "NSData+CommonCrypto.m"; sourceTree = "<group>"; };
		09B98637184C4CB8002B2746 /* NSString+Base64.h */ = {isa = PBXFileReference; fileEncoding = 4; lastKnownFileType = sourcecode.c.h; path = "NSString+Base64.h"; sourceTree = "<group>"; };
		09B98638184C4CB8002B2746 /* NSString+Base64.m */ = {isa = PBXFileReference; fileEncoding = 4; lastKnownFileType = sourcecode.c.objc; path = "NSString+Base64.m"; sourceTree = "<group>"; };
		09B98639184C4CB8002B2746 /* README.md */ = {isa = PBXFileReference; fileEncoding = 4; lastKnownFileType = text; path = README.md; sourceTree = "<group>"; };
		09DFFA23182F1C7500488C2E /* BPLoginViewController.h */ = {isa = PBXFileReference; fileEncoding = 4; lastKnownFileType = sourcecode.c.h; name = BPLoginViewController.h; path = Views/Login/BPLoginViewController.h; sourceTree = "<group>"; };
		09DFFA24182F1C7500488C2E /* BPLoginViewController.m */ = {isa = PBXFileReference; fileEncoding = 4; lastKnownFileType = sourcecode.c.objc; name = BPLoginViewController.m; path = Views/Login/BPLoginViewController.m; sourceTree = "<group>"; };
		1C32B64F1857DBD40047260F /* BPDisplayRankingsTableViewController.h */ = {isa = PBXFileReference; fileEncoding = 4; lastKnownFileType = sourcecode.c.h; name = BPDisplayRankingsTableViewController.h; path = Views/EventsTableView/BPDisplayRankingsTableViewController.h; sourceTree = "<group>"; };
		1C32B6501857DBD40047260F /* BPDisplayRankingsTableViewController.m */ = {isa = PBXFileReference; fileEncoding = 4; lastKnownFileType = sourcecode.c.objc; name = BPDisplayRankingsTableViewController.m; path = Views/EventsTableView/BPDisplayRankingsTableViewController.m; sourceTree = "<group>"; };
		1CD313DB1853C0C0002F66CF /* BPRanking.h */ = {isa = PBXFileReference; fileEncoding = 4; lastKnownFileType = sourcecode.c.h; name = BPRanking.h; path = Models/BPRanking.h; sourceTree = "<group>"; };
		1CD313DC1853C0C0002F66CF /* BPRanking.m */ = {isa = PBXFileReference; fileEncoding = 4; lastKnownFileType = sourcecode.c.objc; name = BPRanking.m; path = Models/BPRanking.m; sourceTree = "<group>"; };
		1CE88C2E1847244700E2F8BC /* BPSplitViewController.h */ = {isa = PBXFileReference; fileEncoding = 4; lastKnownFileType = sourcecode.c.h; name = BPSplitViewController.h; path = BPClasses/BPSplitViewController.h; sourceTree = "<group>"; };
		1CE88C2F1847244700E2F8BC /* BPSplitViewController.m */ = {isa = PBXFileReference; fileEncoding = 4; lastKnownFileType = sourcecode.c.objc; name = BPSplitViewController.m; path = BPClasses/BPSplitViewController.m; sourceTree = "<group>"; };
		1CE88C37184729E500E2F8BC /* BPCommentViewController.h */ = {isa = PBXFileReference; fileEncoding = 4; lastKnownFileType = sourcecode.c.h; name = BPCommentViewController.h; path = Views/EventsTableView/BPCommentViewController.h; sourceTree = "<group>"; };
		1CE88C38184729E500E2F8BC /* BPCommentViewController.m */ = {isa = PBXFileReference; fileEncoding = 4; lastKnownFileType = sourcecode.c.objc; name = BPCommentViewController.m; path = Views/EventsTableView/BPCommentViewController.m; sourceTree = "<group>"; };
		4D047EFA18416D7C006E09F0 /* BPEvent.h */ = {isa = PBXFileReference; fileEncoding = 4; lastKnownFileType = sourcecode.c.h; name = BPEvent.h; path = Models/BPEvent.h; sourceTree = "<group>"; };
		4D047EFB18416D7C006E09F0 /* BPEvent.m */ = {isa = PBXFileReference; fileEncoding = 4; lastKnownFileType = sourcecode.c.objc; name = BPEvent.m; path = Models/BPEvent.m; sourceTree = "<group>"; };
		4D047EFD18416D9A006E09F0 /* BPTableViewCell.h */ = {isa = PBXFileReference; fileEncoding = 4; lastKnownFileType = sourcecode.c.h; name = BPTableViewCell.h; path = BPClasses/BPTableViewCell.h; sourceTree = "<group>"; };
		4D047EFE18416D9A006E09F0 /* BPTableViewCell.m */ = {isa = PBXFileReference; fileEncoding = 4; lastKnownFileType = sourcecode.c.objc; name = BPTableViewCell.m; path = BPClasses/BPTableViewCell.m; sourceTree = "<group>"; };
		4D047F0018416DC3006E09F0 /* BPEventsTableViewCell.h */ = {isa = PBXFileReference; fileEncoding = 4; lastKnownFileType = sourcecode.c.h; name = BPEventsTableViewCell.h; path = Views/EventsTableView/BPEventsTableViewCell.h; sourceTree = "<group>"; };
		4D047F0118416DC3006E09F0 /* BPEventsTableViewCell.m */ = {isa = PBXFileReference; fileEncoding = 4; lastKnownFileType = sourcecode.c.objc; name = BPEventsTableViewCell.m; path = Views/EventsTableView/BPEventsTableViewCell.m; sourceTree = "<group>"; };
		4D047F0218416DC3006E09F0 /* BPEventViewController.h */ = {isa = PBXFileReference; fileEncoding = 4; lastKnownFileType = sourcecode.c.h; name = BPEventViewController.h; path = Views/EventsTableView/BPEventViewController.h; sourceTree = "<group>"; };
		4D047F0318416DC3006E09F0 /* BPEventViewController.m */ = {isa = PBXFileReference; fileEncoding = 4; lastKnownFileType = sourcecode.c.objc; name = BPEventViewController.m; path = Views/EventsTableView/BPEventViewController.m; sourceTree = "<group>"; };
		4D425E1EE5B347A0A41FA6BD /* Pods.xcconfig */ = {isa = PBXFileReference; includeInIndex = 1; lastKnownFileType = text.xcconfig; name = Pods.xcconfig; path = Pods/Pods.xcconfig; sourceTree = "<group>"; };
		4D8AFD7F185071C5006B4A95 /* BPDummyViewController.h */ = {isa = PBXFileReference; fileEncoding = 4; lastKnownFileType = sourcecode.c.h; name = BPDummyViewController.h; path = Views/EventsTableView/BPDummyViewController.h; sourceTree = "<group>"; };
		4D8AFD80185071C5006B4A95 /* BPDummyViewController.m */ = {isa = PBXFileReference; fileEncoding = 4; lastKnownFileType = sourcecode.c.objc; name = BPDummyViewController.m; path = Views/EventsTableView/BPDummyViewController.m; sourceTree = "<group>"; };
		4D8AFD8218507367006B4A95 /* BPComment.h */ = {isa = PBXFileReference; fileEncoding = 4; lastKnownFileType = sourcecode.c.h; name = BPComment.h; path = Models/BPComment.h; sourceTree = "<group>"; };
		4D8AFD8318507367006B4A95 /* BPComment.m */ = {isa = PBXFileReference; fileEncoding = 4; lastKnownFileType = sourcecode.c.objc; name = BPComment.m; path = Models/BPComment.m; sourceTree = "<group>"; };
		4D8AFD8418507367006B4A95 /* BPContestant.h */ = {isa = PBXFileReference; fileEncoding = 4; lastKnownFileType = sourcecode.c.h; name = BPContestant.h; path = Models/BPContestant.h; sourceTree = "<group>"; };
		4D8AFD8518507367006B4A95 /* BPContestant.m */ = {isa = PBXFileReference; fileEncoding = 4; lastKnownFileType = sourcecode.c.objc; name = BPContestant.m; path = Models/BPContestant.m; sourceTree = "<group>"; };
		4D8AFD8618507367006B4A95 /* BPUser.m */ = {isa = PBXFileReference; fileEncoding = 4; lastKnownFileType = sourcecode.c.objc; name = BPUser.m; path = Models/BPUser.m; sourceTree = "<group>"; };
		4D8AFD8718507367006B4A95 /* BPUser.h */ = {isa = PBXFileReference; fileEncoding = 4; lastKnownFileType = sourcecode.c.h; name = BPUser.h; path = Models/BPUser.h; sourceTree = "<group>"; };
		4D8AFD8B18507417006B4A95 /* BPUserTableViewCell.h */ = {isa = PBXFileReference; fileEncoding = 4; lastKnownFileType = sourcecode.c.h; name = BPUserTableViewCell.h; path = Views/EventsTableView/BPUserTableViewCell.h; sourceTree = "<group>"; };
		4D8AFD8C18507417006B4A95 /* BPUserTableViewCell.m */ = {isa = PBXFileReference; fileEncoding = 4; lastKnownFileType = sourcecode.c.objc; name = BPUserTableViewCell.m; path = Views/EventsTableView/BPUserTableViewCell.m; sourceTree = "<group>"; };
		4DA5DB711857F535001F7FA0 /* QuartzCore.framework */ = {isa = PBXFileReference; lastKnownFileType = wrapper.framework; name = QuartzCore.framework; path = System/Library/Frameworks/QuartzCore.framework; sourceTree = SDKROOT; };
		4DA5DB731857F53B001F7FA0 /* CoreImage.framework */ = {isa = PBXFileReference; lastKnownFileType = wrapper.framework; name = CoreImage.framework; path = System/Library/Frameworks/CoreImage.framework; sourceTree = SDKROOT; };
		4DA5DB761857F5AD001F7FA0 /* custom.nss */ = {isa = PBXFileReference; fileEncoding = 4; lastKnownFileType = text; path = custom.nss; sourceTree = "<group>"; };
		4DBBD94B182F0F2E00166BC7 /* USOMC.app */ = {isa = PBXFileReference; explicitFileType = wrapper.application; includeInIndex = 0; path = USOMC.app; sourceTree = BUILT_PRODUCTS_DIR; };
		4DBBD94E182F0F2E00166BC7 /* Foundation.framework */ = {isa = PBXFileReference; lastKnownFileType = wrapper.framework; name = Foundation.framework; path = System/Library/Frameworks/Foundation.framework; sourceTree = SDKROOT; };
		4DBBD950182F0F2E00166BC7 /* CoreGraphics.framework */ = {isa = PBXFileReference; lastKnownFileType = wrapper.framework; name = CoreGraphics.framework; path = System/Library/Frameworks/CoreGraphics.framework; sourceTree = SDKROOT; };
		4DBBD952182F0F2E00166BC7 /* UIKit.framework */ = {isa = PBXFileReference; lastKnownFileType = wrapper.framework; name = UIKit.framework; path = System/Library/Frameworks/UIKit.framework; sourceTree = SDKROOT; };
		4DBBD956182F0F2E00166BC7 /* USOMC-Info.plist */ = {isa = PBXFileReference; lastKnownFileType = text.plist.xml; path = "USOMC-Info.plist"; sourceTree = "<group>"; };
		4DBBD958182F0F2E00166BC7 /* en */ = {isa = PBXFileReference; lastKnownFileType = text.plist.strings; name = en; path = en.lproj/InfoPlist.strings; sourceTree = "<group>"; };
		4DBBD95A182F0F2E00166BC7 /* main.m */ = {isa = PBXFileReference; lastKnownFileType = sourcecode.c.objc; path = main.m; sourceTree = "<group>"; };
		4DBBD95C182F0F2E00166BC7 /* USOMC-Prefix.pch */ = {isa = PBXFileReference; lastKnownFileType = sourcecode.c.h; path = "USOMC-Prefix.pch"; sourceTree = "<group>"; };
		4DBBD95D182F0F2E00166BC7 /* BPAppDelegate.h */ = {isa = PBXFileReference; lastKnownFileType = sourcecode.c.h; path = BPAppDelegate.h; sourceTree = "<group>"; };
		4DBBD95E182F0F2E00166BC7 /* BPAppDelegate.m */ = {isa = PBXFileReference; indentWidth = 2; lastKnownFileType = sourcecode.c.objc; path = BPAppDelegate.m; sourceTree = "<group>"; tabWidth = 2; };
		4DBBD966182F0F2E00166BC7 /* Images.xcassets */ = {isa = PBXFileReference; lastKnownFileType = folder.assetcatalog; path = Images.xcassets; sourceTree = "<group>"; };
		4DBBD96C182F0F2E00166BC7 /* USOMCTests.xctest */ = {isa = PBXFileReference; explicitFileType = wrapper.cfbundle; includeInIndex = 0; path = USOMCTests.xctest; sourceTree = BUILT_PRODUCTS_DIR; };
		4DBBD96D182F0F2E00166BC7 /* XCTest.framework */ = {isa = PBXFileReference; lastKnownFileType = wrapper.framework; name = XCTest.framework; path = Library/Frameworks/XCTest.framework; sourceTree = DEVELOPER_DIR; };
		4DBBD975182F0F2E00166BC7 /* USOMCTests-Info.plist */ = {isa = PBXFileReference; lastKnownFileType = text.plist.xml; path = "USOMCTests-Info.plist"; sourceTree = "<group>"; };
		4DBBD977182F0F2E00166BC7 /* en */ = {isa = PBXFileReference; lastKnownFileType = text.plist.strings; name = en; path = en.lproj/InfoPlist.strings; sourceTree = "<group>"; };
		4DBBD979182F0F2E00166BC7 /* USOMCTests.m */ = {isa = PBXFileReference; lastKnownFileType = sourcecode.c.objc; path = USOMCTests.m; sourceTree = "<group>"; };
		4DBBD984182F109100166BC7 /* BPViewController.h */ = {isa = PBXFileReference; fileEncoding = 4; lastKnownFileType = sourcecode.c.h; name = BPViewController.h; path = BPClasses/BPViewController.h; sourceTree = "<group>"; };
		4DBBD985182F109100166BC7 /* BPViewController.m */ = {isa = PBXFileReference; fileEncoding = 4; lastKnownFileType = sourcecode.c.objc; name = BPViewController.m; path = BPClasses/BPViewController.m; sourceTree = "<group>"; };
		4DBBD989182F10C900166BC7 /* BPTableViewController.h */ = {isa = PBXFileReference; fileEncoding = 4; lastKnownFileType = sourcecode.c.h; name = BPTableViewController.h; path = BPClasses/BPTableViewController.h; sourceTree = "<group>"; };
		4DBBD98A182F10C900166BC7 /* BPTableViewController.m */ = {isa = PBXFileReference; fileEncoding = 4; lastKnownFileType = sourcecode.c.objc; name = BPTableViewController.m; path = BPClasses/BPTableViewController.m; sourceTree = "<group>"; };
		4DBBD98C182F10EE00166BC7 /* BPEventsTableViewController.h */ = {isa = PBXFileReference; fileEncoding = 4; lastKnownFileType = sourcecode.c.h; name = BPEventsTableViewController.h; path = Views/EventsTableView/BPEventsTableViewController.h; sourceTree = "<group>"; };
		4DBBD98D182F10EE00166BC7 /* BPEventsTableViewController.m */ = {isa = PBXFileReference; fileEncoding = 4; lastKnownFileType = sourcecode.c.objc; name = BPEventsTableViewController.m; path = Views/EventsTableView/BPEventsTableViewController.m; sourceTree = "<group>"; };
		4DBBD98F182F111C00166BC7 /* BPNavigationController.h */ = {isa = PBXFileReference; fileEncoding = 4; lastKnownFileType = sourcecode.c.h; name = BPNavigationController.h; path = BPClasses/BPNavigationController.h; sourceTree = "<group>"; };
		4DBBD990182F111C00166BC7 /* BPNavigationController.m */ = {isa = PBXFileReference; fileEncoding = 4; lastKnownFileType = sourcecode.c.objc; name = BPNavigationController.m; path = BPClasses/BPNavigationController.m; sourceTree = "<group>"; };
		4DBBD992182F115600166BC7 /* BPEventsNavigationController.h */ = {isa = PBXFileReference; fileEncoding = 4; lastKnownFileType = sourcecode.c.h; name = BPEventsNavigationController.h; path = Views/EventsTableView/BPEventsNavigationController.h; sourceTree = "<group>"; };
		4DBBD993182F115600166BC7 /* BPEventsNavigationController.m */ = {isa = PBXFileReference; fileEncoding = 4; lastKnownFileType = sourcecode.c.objc; name = BPEventsNavigationController.m; path = Views/EventsTableView/BPEventsNavigationController.m; sourceTree = "<group>"; };
		5D36959BA1154A91857AE966 /* libPods.a */ = {isa = PBXFileReference; explicitFileType = archive.ar; includeInIndex = 0; path = libPods.a; sourceTree = BUILT_PRODUCTS_DIR; };
/* End PBXFileReference section */

/* Begin PBXFrameworksBuildPhase section */
		4DBBD948182F0F2E00166BC7 /* Frameworks */ = {
			isa = PBXFrameworksBuildPhase;
			buildActionMask = 2147483647;
			files = (
				4DA5DB741857F53B001F7FA0 /* CoreImage.framework in Frameworks */,
				4DA5DB721857F535001F7FA0 /* QuartzCore.framework in Frameworks */,
				4DBBD951182F0F2E00166BC7 /* CoreGraphics.framework in Frameworks */,
				4DBBD953182F0F2E00166BC7 /* UIKit.framework in Frameworks */,
				4DBBD94F182F0F2E00166BC7 /* Foundation.framework in Frameworks */,
				BDA267CC2A7E483EB524F953 /* libPods.a in Frameworks */,
			);
			runOnlyForDeploymentPostprocessing = 0;
		};
		4DBBD969182F0F2E00166BC7 /* Frameworks */ = {
			isa = PBXFrameworksBuildPhase;
			buildActionMask = 2147483647;
			files = (
				4DBBD96E182F0F2E00166BC7 /* XCTest.framework in Frameworks */,
				4DBBD970182F0F2E00166BC7 /* UIKit.framework in Frameworks */,
				4DBBD96F182F0F2E00166BC7 /* Foundation.framework in Frameworks */,
			);
			runOnlyForDeploymentPostprocessing = 0;
		};
/* End PBXFrameworksBuildPhase section */

/* Begin PBXGroup section */
		0916AA7E1850235D00654E51 /* Resources */ = {
			isa = PBXGroup;
			children = (
				4DA5DB751857F5AD001F7FA0 /* Stylesheets */,
				0916AA811850258700654E51 /* piano.png */,
			);
			path = Resources;
			sourceTree = "<group>";
		};
		098909EF18414888004C22C2 /* Keychain */ = {
			isa = PBXGroup;
			children = (
				098909F618415E88004C22C2 /* KeychainItemWrapper.h */,
				098909F718415E89004C22C2 /* KeychainItemWrapper.m */,
			);
			name = Keychain;
			path = BPClasses/Keychain;
			sourceTree = "<group>";
		};
		098909F2184155FE004C22C2 /* Models */ = {
			isa = PBXGroup;
			children = (
				4D047EFA18416D7C006E09F0 /* BPEvent.h */,
				4D047EFB18416D7C006E09F0 /* BPEvent.m */,
				098909F31841567F004C22C2 /* BPJudge.h */,
				098909F41841567F004C22C2 /* BPJudge.m */,
				4D8AFD8218507367006B4A95 /* BPComment.h */,
				4D8AFD8318507367006B4A95 /* BPComment.m */,
				4D8AFD8418507367006B4A95 /* BPContestant.h */,
				4D8AFD8518507367006B4A95 /* BPContestant.m */,
				4D8AFD8618507367006B4A95 /* BPUser.m */,
				4D8AFD8718507367006B4A95 /* BPUser.h */,
				1CD313DB1853C0C0002F66CF /* BPRanking.h */,
				1CD313DC1853C0C0002F66CF /* BPRanking.m */,
			);
			name = Models;
			sourceTree = "<group>";
		};
		09B9862F184C4CB8002B2746 /* AESCrypt */ = {
			isa = PBXGroup;
			children = (
				09B98630184C4CB8002B2746 /* AESCrypt.h */,
				09B98631184C4CB8002B2746 /* AESCrypt.m */,
				09B98632184C4CB8002B2746 /* LICENSE */,
				09B98633184C4CB8002B2746 /* NSData+Base64.h */,
				09B98634184C4CB8002B2746 /* NSData+Base64.m */,
				09B98635184C4CB8002B2746 /* NSData+CommonCrypto.h */,
				09B98636184C4CB8002B2746 /* NSData+CommonCrypto.m */,
				09B98637184C4CB8002B2746 /* NSString+Base64.h */,
				09B98638184C4CB8002B2746 /* NSString+Base64.m */,
				09B98639184C4CB8002B2746 /* README.md */,
			);
			name = AESCrypt;
			path = BPClasses/AESCrypt;
			sourceTree = "<group>";
		};
		09DFFA1F182F1BF400488C2E /* Login */ = {
			isa = PBXGroup;
			children = (
				0967DA441834C23D009D494A /* BPLoginNavigationController.h */,
				0967DA451834C23D009D494A /* BPLoginNavigationController.m */,
				09DFFA23182F1C7500488C2E /* BPLoginViewController.h */,
				09DFFA24182F1C7500488C2E /* BPLoginViewController.m */,
			);
			name = Login;
			sourceTree = "<group>";
		};
		4DA5DB751857F5AD001F7FA0 /* Stylesheets */ = {
			isa = PBXGroup;
			children = (
				4DA5DB761857F5AD001F7FA0 /* custom.nss */,
			);
			path = Stylesheets;
			sourceTree = "<group>";
		};
		4DBBD942182F0F2E00166BC7 = {
			isa = PBXGroup;
			children = (
				4DBBD954182F0F2E00166BC7 /* USOMC */,
				4DBBD973182F0F2E00166BC7 /* USOMCTests */,
				4DBBD94D182F0F2E00166BC7 /* Frameworks */,
				4DBBD94C182F0F2E00166BC7 /* Products */,
				4D425E1EE5B347A0A41FA6BD /* Pods.xcconfig */,
			);
			sourceTree = "<group>";
		};
		4DBBD94C182F0F2E00166BC7 /* Products */ = {
			isa = PBXGroup;
			children = (
				4DBBD94B182F0F2E00166BC7 /* USOMC.app */,
				4DBBD96C182F0F2E00166BC7 /* USOMCTests.xctest */,
			);
			name = Products;
			sourceTree = "<group>";
		};
		4DBBD94D182F0F2E00166BC7 /* Frameworks */ = {
			isa = PBXGroup;
			children = (
				4DA5DB731857F53B001F7FA0 /* CoreImage.framework */,
				4DA5DB711857F535001F7FA0 /* QuartzCore.framework */,
				4DBBD94E182F0F2E00166BC7 /* Foundation.framework */,
				4DBBD950182F0F2E00166BC7 /* CoreGraphics.framework */,
				4DBBD952182F0F2E00166BC7 /* UIKit.framework */,
				4DBBD96D182F0F2E00166BC7 /* XCTest.framework */,
				5D36959BA1154A91857AE966 /* libPods.a */,
			);
			name = Frameworks;
			sourceTree = "<group>";
		};
		4DBBD954182F0F2E00166BC7 /* USOMC */ = {
			isa = PBXGroup;
			children = (
				09B9862E184C44B0002B2746 /* EnvironmentVariables.h */,
				4DBBD95D182F0F2E00166BC7 /* BPAppDelegate.h */,
				4DBBD95E182F0F2E00166BC7 /* BPAppDelegate.m */,
				4DBBD983182F105500166BC7 /* BPClasses */,
				098909F2184155FE004C22C2 /* Models */,
				4DBBD987182F109400166BC7 /* Views */,
				4DBBD966182F0F2E00166BC7 /* Images.xcassets */,
				0916AA7E1850235D00654E51 /* Resources */,
				4DBBD955182F0F2E00166BC7 /* Supporting Files */,
			);
			path = USOMC;
			sourceTree = "<group>";
		};
		4DBBD955182F0F2E00166BC7 /* Supporting Files */ = {
			isa = PBXGroup;
			children = (
				4DBBD956182F0F2E00166BC7 /* USOMC-Info.plist */,
				4DBBD957182F0F2E00166BC7 /* InfoPlist.strings */,
				4DBBD95A182F0F2E00166BC7 /* main.m */,
				4DBBD95C182F0F2E00166BC7 /* USOMC-Prefix.pch */,
			);
			name = "Supporting Files";
			sourceTree = "<group>";
		};
		4DBBD973182F0F2E00166BC7 /* USOMCTests */ = {
			isa = PBXGroup;
			children = (
				4DBBD979182F0F2E00166BC7 /* USOMCTests.m */,
				4DBBD974182F0F2E00166BC7 /* Supporting Files */,
			);
			path = USOMCTests;
			sourceTree = "<group>";
		};
		4DBBD974182F0F2E00166BC7 /* Supporting Files */ = {
			isa = PBXGroup;
			children = (
				4DBBD975182F0F2E00166BC7 /* USOMCTests-Info.plist */,
				4DBBD976182F0F2E00166BC7 /* InfoPlist.strings */,
			);
			name = "Supporting Files";
			sourceTree = "<group>";
		};
		4DBBD983182F105500166BC7 /* BPClasses */ = {
			isa = PBXGroup;
			children = (
				09B9862F184C4CB8002B2746 /* AESCrypt */,
				098909EF18414888004C22C2 /* Keychain */,
				4DBBD984182F109100166BC7 /* BPViewController.h */,
				4DBBD985182F109100166BC7 /* BPViewController.m */,
				4D047EFD18416D9A006E09F0 /* BPTableViewCell.h */,
				4D047EFE18416D9A006E09F0 /* BPTableViewCell.m */,
				4DBBD98F182F111C00166BC7 /* BPNavigationController.h */,
				4DBBD990182F111C00166BC7 /* BPNavigationController.m */,
				4DBBD989182F10C900166BC7 /* BPTableViewController.h */,
				4DBBD98A182F10C900166BC7 /* BPTableViewController.m */,
				1CE88C2E1847244700E2F8BC /* BPSplitViewController.h */,
				1CE88C2F1847244700E2F8BC /* BPSplitViewController.m */,
			);
			name = BPClasses;
			sourceTree = "<group>";
		};
		4DBBD987182F109400166BC7 /* Views */ = {
			isa = PBXGroup;
			children = (
				09DFFA1F182F1BF400488C2E /* Login */,
				4DBBD988182F10A100166BC7 /* EventsTableView */,
			);
			name = Views;
			sourceTree = "<group>";
		};
		4DBBD988182F10A100166BC7 /* EventsTableView */ = {
			isa = PBXGroup;
			children = (
				4D047F0018416DC3006E09F0 /* BPEventsTableViewCell.h */,
				4D047F0118416DC3006E09F0 /* BPEventsTableViewCell.m */,
				4D047F0218416DC3006E09F0 /* BPEventViewController.h */,
				4D047F0318416DC3006E09F0 /* BPEventViewController.m */,
				4DBBD992182F115600166BC7 /* BPEventsNavigationController.h */,
				4DBBD993182F115600166BC7 /* BPEventsNavigationController.m */,
				4DBBD98C182F10EE00166BC7 /* BPEventsTableViewController.h */,
				4DBBD98D182F10EE00166BC7 /* BPEventsTableViewController.m */,
				4D8AFD8B18507417006B4A95 /* BPUserTableViewCell.h */,
				4D8AFD8C18507417006B4A95 /* BPUserTableViewCell.m */,
				1CE88C37184729E500E2F8BC /* BPCommentViewController.h */,
				1CE88C38184729E500E2F8BC /* BPCommentViewController.m */,
				4D8AFD7F185071C5006B4A95 /* BPDummyViewController.h */,
				4D8AFD80185071C5006B4A95 /* BPDummyViewController.m */,
				1C32B64F1857DBD40047260F /* BPDisplayRankingsTableViewController.h */,
				1C32B6501857DBD40047260F /* BPDisplayRankingsTableViewController.m */,
			);
			name = EventsTableView;
			sourceTree = "<group>";
		};
/* End PBXGroup section */

/* Begin PBXNativeTarget section */
		4DBBD94A182F0F2E00166BC7 /* USOMC */ = {
			isa = PBXNativeTarget;
			buildConfigurationList = 4DBBD97D182F0F2E00166BC7 /* Build configuration list for PBXNativeTarget "USOMC" */;
			buildPhases = (
				0344F8FC0DFF42A0A3EDB7D0 /* Check Pods Manifest.lock */,
				4DBBD947182F0F2E00166BC7 /* Sources */,
				4DBBD948182F0F2E00166BC7 /* Frameworks */,
				4DBBD949182F0F2E00166BC7 /* Resources */,
				50385B75D48142FEA664E015 /* Copy Pods Resources */,
			);
			buildRules = (
			);
			dependencies = (
			);
			name = USOMC;
			productName = USOMC;
			productReference = 4DBBD94B182F0F2E00166BC7 /* USOMC.app */;
			productType = "com.apple.product-type.application";
		};
		4DBBD96B182F0F2E00166BC7 /* USOMCTests */ = {
			isa = PBXNativeTarget;
			buildConfigurationList = 4DBBD980182F0F2E00166BC7 /* Build configuration list for PBXNativeTarget "USOMCTests" */;
			buildPhases = (
				4DBBD968182F0F2E00166BC7 /* Sources */,
				4DBBD969182F0F2E00166BC7 /* Frameworks */,
				4DBBD96A182F0F2E00166BC7 /* Resources */,
			);
			buildRules = (
			);
			dependencies = (
				4DBBD972182F0F2E00166BC7 /* PBXTargetDependency */,
			);
			name = USOMCTests;
			productName = USOMCTests;
			productReference = 4DBBD96C182F0F2E00166BC7 /* USOMCTests.xctest */;
			productType = "com.apple.product-type.bundle.unit-test";
		};
/* End PBXNativeTarget section */

/* Begin PBXProject section */
		4DBBD943182F0F2E00166BC7 /* Project object */ = {
			isa = PBXProject;
			attributes = {
				CLASSPREFIX = BP;
				LastUpgradeCheck = 0500;
				ORGANIZATIONNAME = "Mark Miyashita";
				TargetAttributes = {
					4DBBD96B182F0F2E00166BC7 = {
						TestTargetID = 4DBBD94A182F0F2E00166BC7;
					};
				};
			};
			buildConfigurationList = 4DBBD946182F0F2E00166BC7 /* Build configuration list for PBXProject "USOMC" */;
			compatibilityVersion = "Xcode 3.2";
			developmentRegion = English;
			hasScannedForEncodings = 0;
			knownRegions = (
				en,
				Base,
			);
			mainGroup = 4DBBD942182F0F2E00166BC7;
			productRefGroup = 4DBBD94C182F0F2E00166BC7 /* Products */;
			projectDirPath = "";
			projectRoot = "";
			targets = (
				4DBBD94A182F0F2E00166BC7 /* USOMC */,
				4DBBD96B182F0F2E00166BC7 /* USOMCTests */,
			);
		};
/* End PBXProject section */

/* Begin PBXResourcesBuildPhase section */
		4DBBD949182F0F2E00166BC7 /* Resources */ = {
			isa = PBXResourcesBuildPhase;
			buildActionMask = 2147483647;
			files = (
				09B9863B184C4CB8002B2746 /* LICENSE in Resources */,
				4DA5DB771857F5AD001F7FA0 /* custom.nss in Resources */,
				4DBBD967182F0F2E00166BC7 /* Images.xcassets in Resources */,
				0916AA821850258700654E51 /* piano.png in Resources */,
				09B9863F184C4CB8002B2746 /* README.md in Resources */,
				4DBBD959182F0F2E00166BC7 /* InfoPlist.strings in Resources */,
			);
			runOnlyForDeploymentPostprocessing = 0;
		};
		4DBBD96A182F0F2E00166BC7 /* Resources */ = {
			isa = PBXResourcesBuildPhase;
			buildActionMask = 2147483647;
			files = (
				4DBBD978182F0F2E00166BC7 /* InfoPlist.strings in Resources */,
			);
			runOnlyForDeploymentPostprocessing = 0;
		};
/* End PBXResourcesBuildPhase section */

/* Begin PBXShellScriptBuildPhase section */
		0344F8FC0DFF42A0A3EDB7D0 /* Check Pods Manifest.lock */ = {
			isa = PBXShellScriptBuildPhase;
			buildActionMask = 2147483647;
			files = (
			);
			inputPaths = (
			);
			name = "Check Pods Manifest.lock";
			outputPaths = (
			);
			runOnlyForDeploymentPostprocessing = 0;
			shellPath = /bin/sh;
			shellScript = "diff \"${PODS_ROOT}/../Podfile.lock\" \"${PODS_ROOT}/Manifest.lock\" > /dev/null\nif [[ $? != 0 ]] ; then\n    cat << EOM\nerror: The sandbox is not in sync with the Podfile.lock. Run 'pod install' or update your CocoaPods installation.\nEOM\n    exit 1\nfi\n";
			showEnvVarsInLog = 0;
		};
		50385B75D48142FEA664E015 /* Copy Pods Resources */ = {
			isa = PBXShellScriptBuildPhase;
			buildActionMask = 2147483647;
			files = (
			);
			inputPaths = (
			);
			name = "Copy Pods Resources";
			outputPaths = (
			);
			runOnlyForDeploymentPostprocessing = 0;
			shellPath = /bin/sh;
			shellScript = "\"${SRCROOT}/Pods/Pods-resources.sh\"\n";
			showEnvVarsInLog = 0;
		};
/* End PBXShellScriptBuildPhase section */

/* Begin PBXSourcesBuildPhase section */
		4DBBD947182F0F2E00166BC7 /* Sources */ = {
			isa = PBXSourcesBuildPhase;
			buildActionMask = 2147483647;
			files = (
				09DFFA25182F1C7500488C2E /* BPLoginViewController.m in Sources */,
				1CE88C301847244700E2F8BC /* BPSplitViewController.m in Sources */,
				09B9863D184C4CB8002B2746 /* NSData+CommonCrypto.m in Sources */,
				098909F51841567F004C22C2 /* BPJudge.m in Sources */,
				4D047F0418416DC3006E09F0 /* BPEventsTableViewCell.m in Sources */,
				4D047F0518416DC3006E09F0 /* BPEventViewController.m in Sources */,
				4D047EFF18416D9A006E09F0 /* BPTableViewCell.m in Sources */,
				4DBBD994182F115600166BC7 /* BPEventsNavigationController.m in Sources */,
				4DBBD986182F109100166BC7 /* BPViewController.m in Sources */,
				09B9863E184C4CB8002B2746 /* NSString+Base64.m in Sources */,
				4D047EFC18416D7C006E09F0 /* BPEvent.m in Sources */,
				4DBBD991182F111C00166BC7 /* BPNavigationController.m in Sources */,
				4DBBD95F182F0F2E00166BC7 /* BPAppDelegate.m in Sources */,
				1CD313DD1853C0C0002F66CF /* BPRanking.m in Sources */,
				098909F818415E89004C22C2 /* KeychainItemWrapper.m in Sources */,
				09B9863A184C4CB8002B2746 /* AESCrypt.m in Sources */,
				4D8AFD81185071C5006B4A95 /* BPDummyViewController.m in Sources */,
				1C32B6511857DBD40047260F /* BPDisplayRankingsTableViewController.m in Sources */,
				4D8AFD8A18507367006B4A95 /* BPUser.m in Sources */,
				4DBBD95B182F0F2E00166BC7 /* main.m in Sources */,
				4D8AFD8918507367006B4A95 /* BPContestant.m in Sources */,
				0967DA461834C23D009D494A /* BPLoginNavigationController.m in Sources */,
				4DBBD98B182F10C900166BC7 /* BPTableViewController.m in Sources */,
				09B9863C184C4CB8002B2746 /* NSData+Base64.m in Sources */,
				4D8AFD8D18507417006B4A95 /* BPUserTableViewCell.m in Sources */,
				4D8AFD8818507367006B4A95 /* BPComment.m in Sources */,
				1CE88C39184729E500E2F8BC /* BPCommentViewController.m in Sources */,
				4DBBD98E182F10EE00166BC7 /* BPEventsTableViewController.m in Sources */,
			);
			runOnlyForDeploymentPostprocessing = 0;
		};
		4DBBD968182F0F2E00166BC7 /* Sources */ = {
			isa = PBXSourcesBuildPhase;
			buildActionMask = 2147483647;
			files = (
				4DBBD97A182F0F2E00166BC7 /* USOMCTests.m in Sources */,
			);
			runOnlyForDeploymentPostprocessing = 0;
		};
/* End PBXSourcesBuildPhase section */

/* Begin PBXTargetDependency section */
		4DBBD972182F0F2E00166BC7 /* PBXTargetDependency */ = {
			isa = PBXTargetDependency;
			target = 4DBBD94A182F0F2E00166BC7 /* USOMC */;
			targetProxy = 4DBBD971182F0F2E00166BC7 /* PBXContainerItemProxy */;
		};
/* End PBXTargetDependency section */

/* Begin PBXVariantGroup section */
		4DBBD957182F0F2E00166BC7 /* InfoPlist.strings */ = {
			isa = PBXVariantGroup;
			children = (
				4DBBD958182F0F2E00166BC7 /* en */,
			);
			name = InfoPlist.strings;
			sourceTree = "<group>";
		};
		4DBBD976182F0F2E00166BC7 /* InfoPlist.strings */ = {
			isa = PBXVariantGroup;
			children = (
				4DBBD977182F0F2E00166BC7 /* en */,
			);
			name = InfoPlist.strings;
			sourceTree = "<group>";
		};
/* End PBXVariantGroup section */

/* Begin XCBuildConfiguration section */
		4DBBD97B182F0F2E00166BC7 /* Debug */ = {
			isa = XCBuildConfiguration;
			buildSettings = {
				ALWAYS_SEARCH_USER_PATHS = NO;
				ARCHS = "$(ARCHS_STANDARD_INCLUDING_64_BIT)";
				CLANG_CXX_LANGUAGE_STANDARD = "gnu++0x";
				CLANG_CXX_LIBRARY = "libc++";
				CLANG_ENABLE_MODULES = YES;
				CLANG_ENABLE_OBJC_ARC = YES;
				CLANG_WARN_BOOL_CONVERSION = YES;
				CLANG_WARN_CONSTANT_CONVERSION = YES;
				CLANG_WARN_DIRECT_OBJC_ISA_USAGE = YES_ERROR;
				CLANG_WARN_EMPTY_BODY = YES;
				CLANG_WARN_ENUM_CONVERSION = YES;
				CLANG_WARN_INT_CONVERSION = YES;
				CLANG_WARN_OBJC_ROOT_CLASS = YES_ERROR;
				CLANG_WARN__DUPLICATE_METHOD_MATCH = YES;
				"CODE_SIGN_IDENTITY[sdk=iphoneos*]" = "iPhone Developer";
				COPY_PHASE_STRIP = NO;
				GCC_C_LANGUAGE_STANDARD = gnu99;
				GCC_DYNAMIC_NO_PIC = NO;
				GCC_OPTIMIZATION_LEVEL = 0;
				GCC_PREPROCESSOR_DEFINITIONS = (
					"DEBUG=1",
					"$(inherited)",
				);
				GCC_SYMBOLS_PRIVATE_EXTERN = NO;
				GCC_WARN_64_TO_32_BIT_CONVERSION = YES;
				GCC_WARN_ABOUT_RETURN_TYPE = YES_ERROR;
				GCC_WARN_UNDECLARED_SELECTOR = YES;
				GCC_WARN_UNINITIALIZED_AUTOS = YES;
				GCC_WARN_UNUSED_FUNCTION = YES;
				GCC_WARN_UNUSED_VARIABLE = YES;
				IPHONEOS_DEPLOYMENT_TARGET = 7.0;
				ONLY_ACTIVE_ARCH = YES;
				SDKROOT = iphoneos;
				TARGETED_DEVICE_FAMILY = 2;
			};
			name = Debug;
		};
		4DBBD97C182F0F2E00166BC7 /* Release */ = {
			isa = XCBuildConfiguration;
			buildSettings = {
				ALWAYS_SEARCH_USER_PATHS = NO;
				ARCHS = "$(ARCHS_STANDARD_INCLUDING_64_BIT)";
				CLANG_CXX_LANGUAGE_STANDARD = "gnu++0x";
				CLANG_CXX_LIBRARY = "libc++";
				CLANG_ENABLE_MODULES = YES;
				CLANG_ENABLE_OBJC_ARC = YES;
				CLANG_WARN_BOOL_CONVERSION = YES;
				CLANG_WARN_CONSTANT_CONVERSION = YES;
				CLANG_WARN_DIRECT_OBJC_ISA_USAGE = YES_ERROR;
				CLANG_WARN_EMPTY_BODY = YES;
				CLANG_WARN_ENUM_CONVERSION = YES;
				CLANG_WARN_INT_CONVERSION = YES;
				CLANG_WARN_OBJC_ROOT_CLASS = YES_ERROR;
				CLANG_WARN__DUPLICATE_METHOD_MATCH = YES;
				"CODE_SIGN_IDENTITY[sdk=iphoneos*]" = "iPhone Developer";
				COPY_PHASE_STRIP = YES;
				ENABLE_NS_ASSERTIONS = NO;
				GCC_C_LANGUAGE_STANDARD = gnu99;
				GCC_WARN_64_TO_32_BIT_CONVERSION = YES;
				GCC_WARN_ABOUT_RETURN_TYPE = YES_ERROR;
				GCC_WARN_UNDECLARED_SELECTOR = YES;
				GCC_WARN_UNINITIALIZED_AUTOS = YES;
				GCC_WARN_UNUSED_FUNCTION = YES;
				GCC_WARN_UNUSED_VARIABLE = YES;
				IPHONEOS_DEPLOYMENT_TARGET = 7.0;
				SDKROOT = iphoneos;
				TARGETED_DEVICE_FAMILY = 2;
				VALIDATE_PRODUCT = YES;
			};
			name = Release;
		};
		4DBBD97E182F0F2E00166BC7 /* Debug */ = {
			isa = XCBuildConfiguration;
			baseConfigurationReference = 4D425E1EE5B347A0A41FA6BD /* Pods.xcconfig */;
			buildSettings = {
				ASSETCATALOG_COMPILER_APPICON_NAME = AppIcon;
				ASSETCATALOG_COMPILER_LAUNCHIMAGE_NAME = LaunchImage;
				GCC_PRECOMPILE_PREFIX_HEADER = YES;
				GCC_PREFIX_HEADER = "USOMC/USOMC-Prefix.pch";
				INFOPLIST_FILE = "USOMC/USOMC-Info.plist";
				PRODUCT_NAME = "$(TARGET_NAME)";
				WRAPPER_EXTENSION = app;
			};
			name = Debug;
		};
		4DBBD97F182F0F2E00166BC7 /* Release */ = {
			isa = XCBuildConfiguration;
			baseConfigurationReference = 4D425E1EE5B347A0A41FA6BD /* Pods.xcconfig */;
			buildSettings = {
				ASSETCATALOG_COMPILER_APPICON_NAME = AppIcon;
				ASSETCATALOG_COMPILER_LAUNCHIMAGE_NAME = LaunchImage;
				GCC_PRECOMPILE_PREFIX_HEADER = YES;
				GCC_PREFIX_HEADER = "USOMC/USOMC-Prefix.pch";
				INFOPLIST_FILE = "USOMC/USOMC-Info.plist";
				PRODUCT_NAME = "$(TARGET_NAME)";
				WRAPPER_EXTENSION = app;
			};
			name = Release;
		};
		4DBBD981182F0F2E00166BC7 /* Debug */ = {
			isa = XCBuildConfiguration;
			buildSettings = {
				ARCHS = "$(ARCHS_STANDARD_INCLUDING_64_BIT)";
				BUNDLE_LOADER = "$(BUILT_PRODUCTS_DIR)/USOMC.app/USOMC";
				FRAMEWORK_SEARCH_PATHS = (
					"$(SDKROOT)/Developer/Library/Frameworks",
					"$(inherited)",
					"$(DEVELOPER_FRAMEWORKS_DIR)",
				);
				GCC_PRECOMPILE_PREFIX_HEADER = YES;
				GCC_PREFIX_HEADER = "USOMC/USOMC-Prefix.pch";
				GCC_PREPROCESSOR_DEFINITIONS = (
					"DEBUG=1",
					"$(inherited)",
				);
				INFOPLIST_FILE = "USOMCTests/USOMCTests-Info.plist";
				PRODUCT_NAME = "$(TARGET_NAME)";
				TEST_HOST = "$(BUNDLE_LOADER)";
				WRAPPER_EXTENSION = xctest;
			};
			name = Debug;
		};
		4DBBD982182F0F2E00166BC7 /* Release */ = {
			isa = XCBuildConfiguration;
			buildSettings = {
				ARCHS = "$(ARCHS_STANDARD_INCLUDING_64_BIT)";
				BUNDLE_LOADER = "$(BUILT_PRODUCTS_DIR)/USOMC.app/USOMC";
				FRAMEWORK_SEARCH_PATHS = (
					"$(SDKROOT)/Developer/Library/Frameworks",
					"$(inherited)",
					"$(DEVELOPER_FRAMEWORKS_DIR)",
				);
				GCC_PRECOMPILE_PREFIX_HEADER = YES;
				GCC_PREFIX_HEADER = "USOMC/USOMC-Prefix.pch";
				INFOPLIST_FILE = "USOMCTests/USOMCTests-Info.plist";
				PRODUCT_NAME = "$(TARGET_NAME)";
				TEST_HOST = "$(BUNDLE_LOADER)";
				WRAPPER_EXTENSION = xctest;
			};
			name = Release;
		};
/* End XCBuildConfiguration section */

/* Begin XCConfigurationList section */
		4DBBD946182F0F2E00166BC7 /* Build configuration list for PBXProject "USOMC" */ = {
			isa = XCConfigurationList;
			buildConfigurations = (
				4DBBD97B182F0F2E00166BC7 /* Debug */,
				4DBBD97C182F0F2E00166BC7 /* Release */,
			);
			defaultConfigurationIsVisible = 0;
			defaultConfigurationName = Release;
		};
		4DBBD97D182F0F2E00166BC7 /* Build configuration list for PBXNativeTarget "USOMC" */ = {
			isa = XCConfigurationList;
			buildConfigurations = (
				4DBBD97E182F0F2E00166BC7 /* Debug */,
				4DBBD97F182F0F2E00166BC7 /* Release */,
			);
			defaultConfigurationIsVisible = 0;
			defaultConfigurationName = Release;
		};
		4DBBD980182F0F2E00166BC7 /* Build configuration list for PBXNativeTarget "USOMCTests" */ = {
			isa = XCConfigurationList;
			buildConfigurations = (
				4DBBD981182F0F2E00166BC7 /* Debug */,
				4DBBD982182F0F2E00166BC7 /* Release */,
			);
			defaultConfigurationIsVisible = 0;
			defaultConfigurationName = Release;
		};
/* End XCConfigurationList section */
	};
	rootObject = 4DBBD943182F0F2E00166BC7 /* Project object */;
}
